
Microsoft Visual Studio Solution File, Format Version 12.00
# Visual Studio Version 16
VisualStudioVersion = 16.0.30621.155
MinimumVisualStudioVersion = 10.0.40219.1
Project("{FAE04EC0-301F-11D3-BF4B-00C04F79EFBC}") = "ProcessListener", "ProcessListener.csproj", "{A0256FC0-E119-440E-84E1-BF2FD411187F}"
EndProject
Global
	GlobalSection(SolutionConfigurationPlatforms) = preSolution
		Debug|Any CPU = Debug|Any CPU
		Release|Any CPU = Release|Any CPU
	EndGlobalSection
	GlobalSection(ProjectConfigurationPlatforms) = postSolution
		{A0256FC0-E119-440E-84E1-BF2FD411187F}.Debug|Any CPU.ActiveCfg = Debug|Any CPU
		{A0256FC0-E119-440E-84E1-BF2FD411187F}.Debug|Any CPU.Build.0 = Debug|Any CPU
		{A0256FC0-E119-440E-84E1-BF2FD411187F}.Release|Any CPU.ActiveCfg = Release|Any CPU
		{A0256FC0-E119-440E-84E1-BF2FD411187F}.Release|Any CPU.Build.0 = Release|Any CPU
	EndGlobalSection
	GlobalSection(SolutionProperties) = preSolution
		HideSolutionNode = FALSE
	EndGlobalSection
	GlobalSection(ExtensibilityGlobals) = postSolution
		SolutionGuid = {366C9C50-C051-4772-AC55-051BC29377BE}
	EndGlobalSection
EndGlobal
